
Microsoft Visual Studio Solution File, Format Version 12.00
# Visual Studio Version 16
VisualStudioVersion = 16.0.32901.82
MinimumVisualStudioVersion = 10.0.40219.1
Project("{9A19103F-16F7-4668-BE54-9A1E7A4F7556}") = "RestWithASPNETUdemy", "RestWithASPNETUdemy\RestWithASPNETUdemy.csproj", "{5879B200-28DD-423E-86DD-125BB45AD4A0}"
EndProject
Global
	GlobalSection(SolutionConfigurationPlatforms) = preSolution
		Debug|Any CPU = Debug|Any CPU
		Release|Any CPU = Release|Any CPU
	EndGlobalSection
	GlobalSection(ProjectConfigurationPlatforms) = postSolution
		{5879B200-28DD-423E-86DD-125BB45AD4A0}.Debug|Any CPU.ActiveCfg = Debug|Any CPU
		{5879B200-28DD-423E-86DD-125BB45AD4A0}.Debug|Any CPU.Build.0 = Debug|Any CPU
		{5879B200-28DD-423E-86DD-125BB45AD4A0}.Release|Any CPU.ActiveCfg = Release|Any CPU
		{5879B200-28DD-423E-86DD-125BB45AD4A0}.Release|Any CPU.Build.0 = Release|Any CPU
	EndGlobalSection
	GlobalSection(SolutionProperties) = preSolution
		HideSolutionNode = FALSE
	EndGlobalSection
	GlobalSection(ExtensibilityGlobals) = postSolution
		SolutionGuid = {D7F496F7-13B0-410D-BF40-FB75BB97D99C}
	EndGlobalSection
EndGlobal
